// !$*UTF8*$!
{
	archiveVersion = 1;
	classes = {
	};
	objectVersion = 55;
	objects = {

/* Begin PBXBuildFile section */
		B57B209F28B71F890042F08B /* AppDelegate.m in Sources */ = {isa = PBXBuildFile; fileRef = B57B209E28B71F890042F08B /* AppDelegate.m */; };
		B57B20A228B71F890042F08B /* SceneDelegate.m in Sources */ = {isa = PBXBuildFile; fileRef = B57B20A128B71F890042F08B /* SceneDelegate.m */; };
		B57B20A528B71F890042F08B /* ViewController.m in Sources */ = {isa = PBXBuildFile; fileRef = B57B20A428B71F890042F08B /* ViewController.m */; };
		B57B20A828B71F890042F08B /* Main.storyboard in Resources */ = {isa = PBXBuildFile; fileRef = B57B20A628B71F890042F08B /* Main.storyboard */; };
		B57B20AA28B71F8E0042F08B /* Assets.xcassets in Resources */ = {isa = PBXBuildFile; fileRef = B57B20A928B71F8E0042F08B /* Assets.xcassets */; };
		B57B20AD28B71F8E0042F08B /* LaunchScreen.storyboard in Resources */ = {isa = PBXBuildFile; fileRef = B57B20AB28B71F8E0042F08B /* LaunchScreen.storyboard */; };
		B57B20B028B71F8E0042F08B /* main.m in Sources */ = {isa = PBXBuildFile; fileRef = B57B20AF28B71F8E0042F08B /* main.m */; };
		B57B20BA28B71F8F0042F08B /* Demo15Tests.m in Sources */ = {isa = PBXBuildFile; fileRef = B57B20B928B71F8F0042F08B /* Demo15Tests.m */; };
		B57B20C428B71F8F0042F08B /* Demo15UITests.m in Sources */ = {isa = PBXBuildFile; fileRef = B57B20C328B71F8F0042F08B /* Demo15UITests.m */; };
		B57B20C628B71F8F0042F08B /* Demo15UITestsLaunchTests.m in Sources */ = {isa = PBXBuildFile; fileRef = B57B20C528B71F8F0042F08B /* Demo15UITestsLaunchTests.m */; };
		B57B20D428B728FD0042F08B /* MyAnotation.m in Sources */ = {isa = PBXBuildFile; fileRef = B57B20D328B728FD0042F08B /* MyAnotation.m */; };
/* End PBXBuildFile section */

/* Begin PBXContainerItemProxy section */
		B57B20B628B71F8F0042F08B /* PBXContainerItemProxy */ = {
			isa = PBXContainerItemProxy;
			containerPortal = B57B209228B71F890042F08B /* Project object */;
			proxyType = 1;
			remoteGlobalIDString = B57B209928B71F890042F08B;
			remoteInfo = Demo15;
		};
		B57B20C028B71F8F0042F08B /* PBXContainerItemProxy */ = {
			isa = PBXContainerItemProxy;
			containerPortal = B57B209228B71F890042F08B /* Project object */;
			proxyType = 1;
			remoteGlobalIDString = B57B209928B71F890042F08B;
			remoteInfo = Demo15;
		};
/* End PBXContainerItemProxy section */

/* Begin PBXFileReference section */
		B57B209A28B71F890042F08B /* Demo15.app */ = {isa = PBXFileReference; explicitFileType = wrapper.application; includeInIndex = 0; path = Demo15.app; sourceTree = BUILT_PRODUCTS_DIR; };
		B57B209D28B71F890042F08B /* AppDelegate.h */ = {isa = PBXFileReference; lastKnownFileType = sourcecode.c.h; path = AppDelegate.h; sourceTree = "<group>"; };
		B57B209E28B71F890042F08B /* AppDelegate.m */ = {isa = PBXFileReference; lastKnownFileType = sourcecode.c.objc; path = AppDelegate.m; sourceTree = "<group>"; };
		B57B20A028B71F890042F08B /* SceneDelegate.h */ = {isa = PBXFileReference; lastKnownFileType = sourcecode.c.h; path = SceneDelegate.h; sourceTree = "<group>"; };
		B57B20A128B71F890042F08B /* SceneDelegate.m */ = {isa = PBXFileReference; lastKnownFileType = sourcecode.c.objc; path = SceneDelegate.m; sourceTree = "<group>"; };
		B57B20A328B71F890042F08B /* ViewController.h */ = {isa = PBXFileReference; lastKnownFileType = sourcecode.c.h; path = ViewController.h; sourceTree = "<group>"; };
		B57B20A428B71F890042F08B /* ViewController.m */ = {isa = PBXFileReference; lastKnownFileType = sourcecode.c.objc; path = ViewController.m; sourceTree = "<group>"; };
		B57B20A728B71F890042F08B /* Base */ = {isa = PBXFileReference; lastKnownFileType = file.storyboard; name = Base; path = Base.lproj/Main.storyboard; sourceTree = "<group>"; };
		B57B20A928B71F8E0042F08B /* Assets.xcassets */ = {isa = PBXFileReference; lastKnownFileType = folder.assetcatalog; path = Assets.xcassets; sourceTree = "<group>"; };
		B57B20AC28B71F8E0042F08B /* Base */ = {isa = PBXFileReference; lastKnownFileType = file.storyboard; name = Base; path = Base.lproj/LaunchScreen.storyboard; sourceTree = "<group>"; };
		B57B20AE28B71F8E0042F08B /* Info.plist */ = {isa = PBXFileReference; lastKnownFileType = text.plist.xml; path = Info.plist; sourceTree = "<group>"; };
		B57B20AF28B71F8E0042F08B /* main.m */ = {isa = PBXFileReference; lastKnownFileType = sourcecode.c.objc; path = main.m; sourceTree = "<group>"; };
		B57B20B528B71F8F0042F08B /* Demo15Tests.xctest */ = {isa = PBXFileReference; explicitFileType = wrapper.cfbundle; includeInIndex = 0; path = Demo15Tests.xctest; sourceTree = BUILT_PRODUCTS_DIR; };
		B57B20B928B71F8F0042F08B /* Demo15Tests.m */ = {isa = PBXFileReference; lastKnownFileType = sourcecode.c.objc; path = Demo15Tests.m; sourceTree = "<group>"; };
		B57B20BF28B71F8F0042F08B /* Demo15UITests.xctest */ = {isa = PBXFileReference; explicitFileType = wrapper.cfbundle; includeInIndex = 0; path = Demo15UITests.xctest; sourceTree = BUILT_PRODUCTS_DIR; };
		B57B20C328B71F8F0042F08B /* Demo15UITests.m */ = {isa = PBXFileReference; lastKnownFileType = sourcecode.c.objc; path = Demo15UITests.m; sourceTree = "<group>"; };
		B57B20C528B71F8F0042F08B /* Demo15UITestsLaunchTests.m */ = {isa = PBXFileReference; lastKnownFileType = sourcecode.c.objc; path = Demo15UITestsLaunchTests.m; sourceTree = "<group>"; };
		B57B20D228B728FD0042F08B /* MyAnotation.h */ = {isa = PBXFileReference; lastKnownFileType = sourcecode.c.h; path = MyAnotation.h; sourceTree = "<group>"; };
		B57B20D328B728FD0042F08B /* MyAnotation.m */ = {isa = PBXFileReference; lastKnownFileType = sourcecode.c.objc; path = MyAnotation.m; sourceTree = "<group>"; };
/* End PBXFileReference section */

/* Begin PBXFrameworksBuildPhase section */
		B57B209728B71F890042F08B /* Frameworks */ = {
			isa = PBXFrameworksBuildPhase;
			buildActionMask = 2147483647;
			files = (
			);
			runOnlyForDeploymentPostprocessing = 0;
		};
		B57B20B228B71F8F0042F08B /* Frameworks */ = {
			isa = PBXFrameworksBuildPhase;
			buildActionMask = 2147483647;
			files = (
			);
			runOnlyForDeploymentPostprocessing = 0;
		};
		B57B20BC28B71F8F0042F08B /* Frameworks */ = {
			isa = PBXFrameworksBuildPhase;
			buildActionMask = 2147483647;
			files = (
			);
			runOnlyForDeploymentPostprocessing = 0;
		};
/* End PBXFrameworksBuildPhase section */

/* Begin PBXGroup section */
		B57B209128B71F890042F08B = {
			isa = PBXGroup;
			children = (
				B57B209C28B71F890042F08B /* Demo15 */,
				B57B20B828B71F8F0042F08B /* Demo15Tests */,
				B57B20C228B71F8F0042F08B /* Demo15UITests */,
				B57B209B28B71F890042F08B /* Products */,
			);
			sourceTree = "<group>";
		};
		B57B209B28B71F890042F08B /* Products */ = {
			isa = PBXGroup;
			children = (
				B57B209A28B71F890042F08B /* Demo15.app */,
				B57B20B528B71F8F0042F08B /* Demo15Tests.xctest */,
				B57B20BF28B71F8F0042F08B /* Demo15UITests.xctest */,
			);
			name = Products;
			sourceTree = "<group>";
		};
		B57B209C28B71F890042F08B /* Demo15 */ = {
			isa = PBXGroup;
			children = (
				B57B209D28B71F890042F08B /* AppDelegate.h */,
				B57B209E28B71F890042F08B /* AppDelegate.m */,
				B57B20A028B71F890042F08B /* SceneDelegate.h */,
				B57B20A128B71F890042F08B /* SceneDelegate.m */,
				B57B20A328B71F890042F08B /* ViewController.h */,
				B57B20A428B71F890042F08B /* ViewController.m */,
				B57B20A628B71F890042F08B /* Main.storyboard */,
				B57B20A928B71F8E0042F08B /* Assets.xcassets */,
				B57B20AB28B71F8E0042F08B /* LaunchScreen.storyboard */,
				B57B20AE28B71F8E0042F08B /* Info.plist */,
				B57B20AF28B71F8E0042F08B /* main.m */,
				B57B20D228B728FD0042F08B /* MyAnotation.h */,
				B57B20D328B728FD0042F08B /* MyAnotation.m */,
			);
			path = Demo15;
			sourceTree = "<group>";
		};
		B57B20B828B71F8F0042F08B /* Demo15Tests */ = {
			isa = PBXGroup;
			children = (
				B57B20B928B71F8F0042F08B /* Demo15Tests.m */,
			);
			path = Demo15Tests;
			sourceTree = "<group>";
		};
		B57B20C228B71F8F0042F08B /* Demo15UITests */ = {
			isa = PBXGroup;
			children = (
				B57B20C328B71F8F0042F08B /* Demo15UITests.m */,
				B57B20C528B71F8F0042F08B /* Demo15UITestsLaunchTests.m */,
			);
			path = Demo15UITests;
			sourceTree = "<group>";
		};
/* End PBXGroup section */

/* Begin PBXNativeTarget section */
		B57B209928B71F890042F08B /* Demo15 */ = {
			isa = PBXNativeTarget;
			buildConfigurationList = B57B20C928B71F8F0042F08B /* Build configuration list for PBXNativeTarget "Demo15" */;
			buildPhases = (
				B57B209628B71F890042F08B /* Sources */,
				B57B209728B71F890042F08B /* Frameworks */,
				B57B209828B71F890042F08B /* Resources */,
			);
			buildRules = (
			);
			dependencies = (
			);
			name = Demo15;
			productName = Demo15;
			productReference = B57B209A28B71F890042F08B /* Demo15.app */;
			productType = "com.apple.product-type.application";
		};
		B57B20B428B71F8F0042F08B /* Demo15Tests */ = {
			isa = PBXNativeTarget;
			buildConfigurationList = B57B20CC28B71F8F0042F08B /* Build configuration list for PBXNativeTarget "Demo15Tests" */;
			buildPhases = (
				B57B20B128B71F8F0042F08B /* Sources */,
				B57B20B228B71F8F0042F08B /* Frameworks */,
				B57B20B328B71F8F0042F08B /* Resources */,
			);
			buildRules = (
			);
			dependencies = (
				B57B20B728B71F8F0042F08B /* PBXTargetDependency */,
			);
			name = Demo15Tests;
			productName = Demo15Tests;
			productReference = B57B20B528B71F8F0042F08B /* Demo15Tests.xctest */;
			productType = "com.apple.product-type.bundle.unit-test";
		};
		B57B20BE28B71F8F0042F08B /* Demo15UITests */ = {
			isa = PBXNativeTarget;
			buildConfigurationList = B57B20CF28B71F8F0042F08B /* Build configuration list for PBXNativeTarget "Demo15UITests" */;
			buildPhases = (
				B57B20BB28B71F8F0042F08B /* Sources */,
				B57B20BC28B71F8F0042F08B /* Frameworks */,
				B57B20BD28B71F8F0042F08B /* Resources */,
			);
			buildRules = (
			);
			dependencies = (
				B57B20C128B71F8F0042F08B /* PBXTargetDependency */,
			);
			name = Demo15UITests;
			productName = Demo15UITests;
			productReference = B57B20BF28B71F8F0042F08B /* Demo15UITests.xctest */;
			productType = "com.apple.product-type.bundle.ui-testing";
		};
/* End PBXNativeTarget section */

/* Begin PBXProject section */
		B57B209228B71F890042F08B /* Project object */ = {
			isa = PBXProject;
			attributes = {
				BuildIndependentTargetsInParallel = 1;
				LastUpgradeCheck = 1340;
				TargetAttributes = {
					B57B209928B71F890042F08B = {
						CreatedOnToolsVersion = 13.4.1;
					};
					B57B20B428B71F8F0042F08B = {
						CreatedOnToolsVersion = 13.4.1;
						TestTargetID = B57B209928B71F890042F08B;
					};
					B57B20BE28B71F8F0042F08B = {
						CreatedOnToolsVersion = 13.4.1;
						TestTargetID = B57B209928B71F890042F08B;
					};
				};
			};
			buildConfigurationList = B57B209528B71F890042F08B /* Build configuration list for PBXProject "Demo15" */;
			compatibilityVersion = "Xcode 13.0";
			developmentRegion = en;
			hasScannedForEncodings = 0;
			knownRegions = (
				en,
				Base,
			);
			mainGroup = B57B209128B71F890042F08B;
			productRefGroup = B57B209B28B71F890042F08B /* Products */;
			projectDirPath = "";
			projectRoot = "";
			targets = (
				B57B209928B71F890042F08B /* Demo15 */,
				B57B20B428B71F8F0042F08B /* Demo15Tests */,
				B57B20BE28B71F8F0042F08B /* Demo15UITests */,
			);
		};
/* End PBXProject section */

/* Begin PBXResourcesBuildPhase section */
		B57B209828B71F890042F08B /* Resources */ = {
			isa = PBXResourcesBuildPhase;
			buildActionMask = 2147483647;
			files = (
				B57B20AD28B71F8E0042F08B /* LaunchScreen.storyboard in Resources */,
				B57B20AA28B71F8E0042F08B /* Assets.xcassets in Resources */,
				B57B20A828B71F890042F08B /* Main.storyboard in Resources */,
			);
			runOnlyForDeploymentPostprocessing = 0;
		};
		B57B20B328B71F8F0042F08B /* Resources */ = {
			isa = PBXResourcesBuildPhase;
			buildActionMask = 2147483647;
			files = (
			);
			runOnlyForDeploymentPostprocessing = 0;
		};
		B57B20BD28B71F8F0042F08B /* Resources */ = {
			isa = PBXResourcesBuildPhase;
			buildActionMask = 2147483647;
			files = (
			);
			runOnlyForDeploymentPostprocessing = 0;
		};
/* End PBXResourcesBuildPhase section */

/* Begin PBXSourcesBuildPhase section */
		B57B209628B71F890042F08B /* Sources */ = {
			isa = PBXSourcesBuildPhase;
			buildActionMask = 2147483647;
			files = (
				B57B20A528B71F890042F08B /* ViewController.m in Sources */,
				B57B209F28B71F890042F08B /* AppDelegate.m in Sources */,
				B57B20B028B71F8E0042F08B /* main.m in Sources */,
				B57B20D428B728FD0042F08B /* MyAnotation.m in Sources */,
				B57B20A228B71F890042F08B /* SceneDelegate.m in Sources */,
			);
			runOnlyForDeploymentPostprocessing = 0;
		};
		B57B20B128B71F8F0042F08B /* Sources */ = {
			isa = PBXSourcesBuildPhase;
			buildActionMask = 2147483647;
			files = (
				B57B20BA28B71F8F0042F08B /* Demo15Tests.m in Sources */,
			);
			runOnlyForDeploymentPostprocessing = 0;
		};
		B57B20BB28B71F8F0042F08B /* Sources */ = {
			isa = PBXSourcesBuildPhase;
			buildActionMask = 2147483647;
			files = (
				B57B20C428B71F8F0042F08B /* Demo15UITests.m in Sources */,
				B57B20C628B71F8F0042F08B /* Demo15UITestsLaunchTests.m in Sources */,
			);
			runOnlyForDeploymentPostprocessing = 0;
		};
/* End PBXSourcesBuildPhase section */

/* Begin PBXTargetDependency section */
		B57B20B728B71F8F0042F08B /* PBXTargetDependency */ = {
			isa = PBXTargetDependency;
			target = B57B209928B71F890042F08B /* Demo15 */;
			targetProxy = B57B20B628B71F8F0042F08B /* PBXContainerItemProxy */;
		};
		B57B20C128B71F8F0042F08B /* PBXTargetDependency */ = {
			isa = PBXTargetDependency;
			target = B57B209928B71F890042F08B /* Demo15 */;
			targetProxy = B57B20C028B71F8F0042F08B /* PBXContainerItemProxy */;
		};
/* End PBXTargetDependency section */

/* Begin PBXVariantGroup section */
		B57B20A628B71F890042F08B /* Main.storyboard */ = {
			isa = PBXVariantGroup;
			children = (
				B57B20A728B71F890042F08B /* Base */,
			);
			name = Main.storyboard;
			sourceTree = "<group>";
		};
		B57B20AB28B71F8E0042F08B /* LaunchScreen.storyboard */ = {
			isa = PBXVariantGroup;
			children = (
				B57B20AC28B71F8E0042F08B /* Base */,
			);
			name = LaunchScreen.storyboard;
			sourceTree = "<group>";
		};
/* End PBXVariantGroup section */

/* Begin XCBuildConfiguration section */
		B57B20C728B71F8F0042F08B /* Debug */ = {
			isa = XCBuildConfiguration;
			buildSettings = {
				ALWAYS_SEARCH_USER_PATHS = NO;
				CLANG_ANALYZER_NONNULL = YES;
				CLANG_ANALYZER_NUMBER_OBJECT_CONVERSION = YES_AGGRESSIVE;
				CLANG_CXX_LANGUAGE_STANDARD = "gnu++17";
				CLANG_ENABLE_MODULES = YES;
				CLANG_ENABLE_OBJC_ARC = YES;
				CLANG_ENABLE_OBJC_WEAK = YES;
				CLANG_WARN_BLOCK_CAPTURE_AUTORELEASING = YES;
				CLANG_WARN_BOOL_CONVERSION = YES;
				CLANG_WARN_COMMA = YES;
				CLANG_WARN_CONSTANT_CONVERSION = YES;
				CLANG_WARN_DEPRECATED_OBJC_IMPLEMENTATIONS = YES;
				CLANG_WARN_DIRECT_OBJC_ISA_USAGE = YES_ERROR;
				CLANG_WARN_DOCUMENTATION_COMMENTS = YES;
				CLANG_WARN_EMPTY_BODY = YES;
				CLANG_WARN_ENUM_CONVERSION = YES;
				CLANG_WARN_INFINITE_RECURSION = YES;
				CLANG_WARN_INT_CONVERSION = YES;
				CLANG_WARN_NON_LITERAL_NULL_CONVERSION = YES;
				CLANG_WARN_OBJC_IMPLICIT_RETAIN_SELF = YES;
				CLANG_WARN_OBJC_LITERAL_CONVERSION = YES;
				CLANG_WARN_OBJC_ROOT_CLASS = YES_ERROR;
				CLANG_WARN_QUOTED_INCLUDE_IN_FRAMEWORK_HEADER = YES;
				CLANG_WARN_RANGE_LOOP_ANALYSIS = YES;
				CLANG_WARN_STRICT_PROTOTYPES = YES;
				CLANG_WARN_SUSPICIOUS_MOVE = YES;
				CLANG_WARN_UNGUARDED_AVAILABILITY = YES_AGGRESSIVE;
				CLANG_WARN_UNREACHABLE_CODE = YES;
				CLANG_WARN__DUPLICATE_METHOD_MATCH = YES;
				COPY_PHASE_STRIP = NO;
				DEBUG_INFORMATION_FORMAT = dwarf;
				ENABLE_STRICT_OBJC_MSGSEND = YES;
				ENABLE_TESTABILITY = YES;
				GCC_C_LANGUAGE_STANDARD = gnu11;
				GCC_DYNAMIC_NO_PIC = NO;
				GCC_NO_COMMON_BLOCKS = YES;
				GCC_OPTIMIZATION_LEVEL = 0;
				GCC_PREPROCESSOR_DEFINITIONS = (
					"DEBUG=1",
					"$(inherited)",
				);
				GCC_WARN_64_TO_32_BIT_CONVERSION = YES;
				GCC_WARN_ABOUT_RETURN_TYPE = YES_ERROR;
				GCC_WARN_UNDECLARED_SELECTOR = YES;
				GCC_WARN_UNINITIALIZED_AUTOS = YES_AGGRESSIVE;
				GCC_WARN_UNUSED_FUNCTION = YES;
				GCC_WARN_UNUSED_VARIABLE = YES;
				IPHONEOS_DEPLOYMENT_TARGET = 15.5;
				MTL_ENABLE_DEBUG_INFO = INCLUDE_SOURCE;
				MTL_FAST_MATH = YES;
				ONLY_ACTIVE_ARCH = YES;
				SDKROOT = iphoneos;
			};
			name = Debug;
		};
		B57B20C828B71F8F0042F08B /* Release */ = {
			isa = XCBuildConfiguration;
			buildSettings = {
				ALWAYS_SEARCH_USER_PATHS = NO;
				CLANG_ANALYZER_NONNULL = YES;
				CLANG_ANALYZER_NUMBER_OBJECT_CONVERSION = YES_AGGRESSIVE;
				CLANG_CXX_LANGUAGE_STANDARD = "gnu++17";
				CLANG_ENABLE_MODULES = YES;
				CLANG_ENABLE_OBJC_ARC = YES;
				CLANG_ENABLE_OBJC_WEAK = YES;
				CLANG_WARN_BLOCK_CAPTURE_AUTORELEASING = YES;
				CLANG_WARN_BOOL_CONVERSION = YES;
				CLANG_WARN_COMMA = YES;
				CLANG_WARN_CONSTANT_CONVERSION = YES;
				CLANG_WARN_DEPRECATED_OBJC_IMPLEMENTATIONS = YES;
				CLANG_WARN_DIRECT_OBJC_ISA_USAGE = YES_ERROR;
				CLANG_WARN_DOCUMENTATION_COMMENTS = YES;
				CLANG_WARN_EMPTY_BODY = YES;
				CLANG_WARN_ENUM_CONVERSION = YES;
				CLANG_WARN_INFINITE_RECURSION = YES;
				CLANG_WARN_INT_CONVERSION = YES;
				CLANG_WARN_NON_LITERAL_NULL_CONVERSION = YES;
				CLANG_WARN_OBJC_IMPLICIT_RETAIN_SELF = YES;
				CLANG_WARN_OBJC_LITERAL_CONVERSION = YES;
				CLANG_WARN_OBJC_ROOT_CLASS = YES_ERROR;
				CLANG_WARN_QUOTED_INCLUDE_IN_FRAMEWORK_HEADER = YES;
				CLANG_WARN_RANGE_LOOP_ANALYSIS = YES;
				CLANG_WARN_STRICT_PROTOTYPES = YES;
				CLANG_WARN_SUSPICIOUS_MOVE = YES;
				CLANG_WARN_UNGUARDED_AVAILABILITY = YES_AGGRESSIVE;
				CLANG_WARN_UNREACHABLE_CODE = YES;
				CLANG_WARN__DUPLICATE_METHOD_MATCH = YES;
				COPY_PHASE_STRIP = NO;
				DEBUG_INFORMATION_FORMAT = "dwarf-with-dsym";
				ENABLE_NS_ASSERTIONS = NO;
				ENABLE_STRICT_OBJC_MSGSEND = YES;
				GCC_C_LANGUAGE_STANDARD = gnu11;
				GCC_NO_COMMON_BLOCKS = YES;
				GCC_WARN_64_TO_32_BIT_CONVERSION = YES;
				GCC_WARN_ABOUT_RETURN_TYPE = YES_ERROR;
				GCC_WARN_UNDECLARED_SELECTOR = YES;
				GCC_WARN_UNINITIALIZED_AUTOS = YES_AGGRESSIVE;
				GCC_WARN_UNUSED_FUNCTION = YES;
				GCC_WARN_UNUSED_VARIABLE = YES;
				IPHONEOS_DEPLOYMENT_TARGET = 15.5;
				MTL_ENABLE_DEBUG_INFO = NO;
				MTL_FAST_MATH = YES;
				SDKROOT = iphoneos;
				VALIDATE_PRODUCT = YES;
			};
			name = Release;
		};
		B57B20CA28B71F8F0042F08B /* Debug */ = {
			isa = XCBuildConfiguration;
			buildSettings = {
				ASSETCATALOG_COMPILER_APPICON_NAME = AppIcon;
				ASSETCATALOG_COMPILER_GLOBAL_ACCENT_COLOR_NAME = AccentColor;
				CODE_SIGN_STYLE = Automatic;
				CURRENT_PROJECT_VERSION = 1;
				GENERATE_INFOPLIST_FILE = YES;
				INFOPLIST_FILE = Demo15/Info.plist;
				INFOPLIST_KEY_UIApplicationSupportsIndirectInputEvents = YES;
				INFOPLIST_KEY_UILaunchStoryboardName = LaunchScreen;
				INFOPLIST_KEY_UIMainStoryboardFile = Main;
				INFOPLIST_KEY_UISupportedInterfaceOrientations_iPad = "UIInterfaceOrientationPortrait UIInterfaceOrientationPortraitUpsideDown UIInterfaceOrientationLandscapeLeft UIInterfaceOrientationLandscapeRight";
				INFOPLIST_KEY_UISupportedInterfaceOrientations_iPhone = "UIInterfaceOrientationPortrait UIInterfaceOrientationLandscapeLeft UIInterfaceOrientationLandscapeRight";
				LD_RUNPATH_SEARCH_PATHS = (
					"$(inherited)",
					"@executable_path/Frameworks",
				);
				MARKETING_VERSION = 1.0;
				PRODUCT_BUNDLE_IDENTIFIER = demo.Demo15;
				PRODUCT_NAME = "$(TARGET_NAME)";
				SWIFT_EMIT_LOC_STRINGS = YES;
				TARGETED_DEVICE_FAMILY = "1,2";
			};
			name = Debug;
		};
		B57B20CB28B71F8F0042F08B /* Release */ = {
			isa = XCBuildConfiguration;
			buildSettings = {
				ASSETCATALOG_COMPILER_APPICON_NAME = AppIcon;
				ASSETCATALOG_COMPILER_GLOBAL_ACCENT_COLOR_NAME = AccentColor;
				CODE_SIGN_STYLE = Automatic;
				CURRENT_PROJECT_VERSION = 1;
				GENERATE_INFOPLIST_FILE = YES;
				INFOPLIST_FILE = Demo15/Info.plist;
				INFOPLIST_KEY_UIApplicationSupportsIndirectInputEvents = YES;
				INFOPLIST_KEY_UILaunchStoryboardName = LaunchScreen;
				INFOPLIST_KEY_UIMainStoryboardFile = Main;
				INFOPLIST_KEY_UISupportedInterfaceOrientations_iPad = "UIInterfaceOrientationPortrait UIInterfaceOrientationPortraitUpsideDown UIInterfaceOrientationLandscapeLeft UIInterfaceOrientationLandscapeRight";
				INFOPLIST_KEY_UISupportedInterfaceOrientations_iPhone = "UIInterfaceOrientationPortrait UIInterfaceOrientationLandscapeLeft UIInterfaceOrientationLandscapeRight";
				LD_RUNPATH_SEARCH_PATHS = (
					"$(inherited)",
					"@executable_path/Frameworks",
				);
				MARKETING_VERSION = 1.0;
				PRODUCT_BUNDLE_IDENTIFIER = demo.Demo15;
				PRODUCT_NAME = "$(TARGET_NAME)";
				SWIFT_EMIT_LOC_STRINGS = YES;
				TARGETED_DEVICE_FAMILY = "1,2";
			};
			name = Release;
		};
		B57B20CD28B71F8F0042F08B /* Debug */ = {
			isa = XCBuildConfiguration;
			buildSettings = {
				BUNDLE_LOADER = "$(TEST_HOST)";
				CODE_SIGN_STYLE = Automatic;
				CURRENT_PROJECT_VERSION = 1;
				GENERATE_INFOPLIST_FILE = YES;
				IPHONEOS_DEPLOYMENT_TARGET = 15.5;
				MARKETING_VERSION = 1.0;
				PRODUCT_BUNDLE_IDENTIFIER = demo.Demo15Tests;
				PRODUCT_NAME = "$(TARGET_NAME)";
				SWIFT_EMIT_LOC_STRINGS = NO;
				TARGETED_DEVICE_FAMILY = "1,2";
				TEST_HOST = "$(BUILT_PRODUCTS_DIR)/Demo15.app/Demo15";
			};
			name = Debug;
		};
		B57B20CE28B71F8F0042F08B /* Release */ = {
			isa = XCBuildConfiguration;
			buildSettings = {
				BUNDLE_LOADER = "$(TEST_HOST)";
				CODE_SIGN_STYLE = Automatic;
				CURRENT_PROJECT_VERSION = 1;
				GENERATE_INFOPLIST_FILE = YES;
				IPHONEOS_DEPLOYMENT_TARGET = 15.5;
				MARKETING_VERSION = 1.0;
				PRODUCT_BUNDLE_IDENTIFIER = demo.Demo15Tests;
				PRODUCT_NAME = "$(TARGET_NAME)";
				SWIFT_EMIT_LOC_STRINGS = NO;
				TARGETED_DEVICE_FAMILY = "1,2";
				TEST_HOST = "$(BUILT_PRODUCTS_DIR)/Demo15.app/Demo15";
			};
			name = Release;
		};
		B57B20D028B71F8F0042F08B /* Debug */ = {
			isa = XCBuildConfiguration;
			buildSettings = {
				CODE_SIGN_STYLE = Automatic;
				CURRENT_PROJECT_VERSION = 1;
				GENERATE_INFOPLIST_FILE = YES;
				MARKETING_VERSION = 1.0;
				PRODUCT_BUNDLE_IDENTIFIER = demo.Demo15UITests;
				PRODUCT_NAME = "$(TARGET_NAME)";
				SWIFT_EMIT_LOC_STRINGS = NO;
				TARGETED_DEVICE_FAMILY = "1,2";
				TEST_TARGET_NAME = Demo15;
			};
			name = Debug;
		};
		B57B20D128B71F8F0042F08B /* Release */ = {
			isa = XCBuildConfiguration;
			buildSettings = {
				CODE_SIGN_STYLE = Automatic;
				CURRENT_PROJECT_VERSION = 1;
				GENERATE_INFOPLIST_FILE = YES;
				MARKETING_VERSION = 1.0;
				PRODUCT_BUNDLE_IDENTIFIER = demo.Demo15UITests;
				PRODUCT_NAME = "$(TARGET_NAME)";
				SWIFT_EMIT_LOC_STRINGS = NO;
				TARGETED_DEVICE_FAMILY = "1,2";
				TEST_TARGET_NAME = Demo15;
			};
			name = Release;
		};
/* End XCBuildConfiguration section */

/* Begin XCConfigurationList section */
		B57B209528B71F890042F08B /* Build configuration list for PBXProject "Demo15" */ = {
			isa = XCConfigurationList;
			buildConfigurations = (
				B57B20C728B71F8F0042F08B /* Debug */,
				B57B20C828B71F8F0042F08B /* Release */,
			);
			defaultConfigurationIsVisible = 0;
			defaultConfigurationName = Release;
		};
		B57B20C928B71F8F0042F08B /* Build configuration list for PBXNativeTarget "Demo15" */ = {
			isa = XCConfigurationList;
			buildConfigurations = (
				B57B20CA28B71F8F0042F08B /* Debug */,
				B57B20CB28B71F8F0042F08B /* Release */,
			);
			defaultConfigurationIsVisible = 0;
			defaultConfigurationName = Release;
		};
		B57B20CC28B71F8F0042F08B /* Build configuration list for PBXNativeTarget "Demo15Tests" */ = {
			isa = XCConfigurationList;
			buildConfigurations = (
				B57B20CD28B71F8F0042F08B /* Debug */,
				B57B20CE28B71F8F0042F08B /* Release */,
			);
			defaultConfigurationIsVisible = 0;
			defaultConfigurationName = Release;
		};
		B57B20CF28B71F8F0042F08B /* Build configuration list for PBXNativeTarget "Demo15UITests" */ = {
			isa = XCConfigurationList;
			buildConfigurations = (
				B57B20D028B71F8F0042F08B /* Debug */,
				B57B20D128B71F8F0042F08B /* Release */,
			);
			defaultConfigurationIsVisible = 0;
			defaultConfigurationName = Release;
		};
/* End XCConfigurationList section */
	};
	rootObject = B57B209228B71F890042F08B /* Project object */;
}
